// !$*UTF8*$!
{
	archiveVersion = 1;
	classes = {
	};
	objectVersion = 46;
	objects = {

/* Begin PBXBuildFile section */
		3CB68FB91DE6FB830056A481 /* SampleFramework2.framework in Frameworks */ = {isa = PBXBuildFile; fileRef = 3CB68FAF1DE6FB830056A481 /* SampleFramework2.framework */; };
		3CB68FBE1DE6FB830056A481 /* SampleFramework2Tests.m in Sources */ = {isa = PBXBuildFile; fileRef = 3CB68FBD1DE6FB830056A481 /* SampleFramework2Tests.m */; };
		3CB68FC01DE6FB830056A481 /* SampleFramework2.h in Headers */ = {isa = PBXBuildFile; fileRef = 3CB68FB21DE6FB830056A481 /* SampleFramework2.h */; settings = {ATTRIBUTES = (Public, ); }; };
		3CB68FCB1DE6FB9A0056A481 /* Foo.h in Headers */ = {isa = PBXBuildFile; fileRef = 3CB68FC91DE6FB9A0056A481 /* Foo.h */; settings = {ATTRIBUTES = (Public, ); }; };
		3CB68FCC1DE6FB9A0056A481 /* Foo.m in Sources */ = {isa = PBXBuildFile; fileRef = 3CB68FCA1DE6FB9A0056A481 /* Foo.m */; };
		B6A0F9D34FC98D7C11AE7109 /* Pods_SampleFramework2.framework in Frameworks */ = {isa = PBXBuildFile; fileRef = 55017A6B0A6AC6467C1369A3 /* Pods_SampleFramework2.framework */; };
/* End PBXBuildFile section */

/* Begin PBXContainerItemProxy section */
		3CB68FBA1DE6FB830056A481 /* PBXContainerItemProxy */ = {
			isa = PBXContainerItemProxy;
			containerPortal = 3CB68FA61DE6FB830056A481 /* Project object */;
			proxyType = 1;
			remoteGlobalIDString = 3CB68FAE1DE6FB830056A481;
			remoteInfo = SampleFramework2;
		};
/* End PBXContainerItemProxy section */

/* Begin PBXFileReference section */
		3CB68FAF1DE6FB830056A481 /* SampleFramework2.framework */ = {isa = PBXFileReference; explicitFileType = wrapper.framework; includeInIndex = 0; path = SampleFramework2.framework; sourceTree = BUILT_PRODUCTS_DIR; };
		3CB68FB21DE6FB830056A481 /* SampleFramework2.h */ = {isa = PBXFileReference; lastKnownFileType = sourcecode.c.h; path = SampleFramework2.h; sourceTree = "<group>"; };
		3CB68FB31DE6FB830056A481 /* Info.plist */ = {isa = PBXFileReference; lastKnownFileType = text.plist.xml; path = Info.plist; sourceTree = "<group>"; };
		3CB68FB81DE6FB830056A481 /* SampleFramework2Tests.xctest */ = {isa = PBXFileReference; explicitFileType = wrapper.cfbundle; includeInIndex = 0; path = SampleFramework2Tests.xctest; sourceTree = BUILT_PRODUCTS_DIR; };
		3CB68FBD1DE6FB830056A481 /* SampleFramework2Tests.m */ = {isa = PBXFileReference; lastKnownFileType = sourcecode.c.objc; path = SampleFramework2Tests.m; sourceTree = "<group>"; };
		3CB68FBF1DE6FB830056A481 /* Info.plist */ = {isa = PBXFileReference; lastKnownFileType = text.plist.xml; path = Info.plist; sourceTree = "<group>"; };
		3CB68FC91DE6FB9A0056A481 /* Foo.h */ = {isa = PBXFileReference; fileEncoding = 4; lastKnownFileType = sourcecode.c.h; path = Foo.h; sourceTree = "<group>"; };
		3CB68FCA1DE6FB9A0056A481 /* Foo.m */ = {isa = PBXFileReference; fileEncoding = 4; lastKnownFileType = sourcecode.c.objc; path = Foo.m; sourceTree = "<group>"; };
		3DB624E55172A8F7AD64DE03 /* Pods-SampleFramework2.release.xcconfig */ = {isa = PBXFileReference; includeInIndex = 1; lastKnownFileType = text.xcconfig; name = "Pods-SampleFramework2.release.xcconfig"; path = "../Pods/Target Support Files/Pods-SampleFramework2/Pods-SampleFramework2.release.xcconfig"; sourceTree = "<group>"; };
		55017A6B0A6AC6467C1369A3 /* Pods_SampleFramework2.framework */ = {isa = PBXFileReference; explicitFileType = wrapper.framework; includeInIndex = 0; path = Pods_SampleFramework2.framework; sourceTree = BUILT_PRODUCTS_DIR; };
		F851B3AC2190CC0AA8722A06 /* Pods-SampleFramework2.debug.xcconfig */ = {isa = PBXFileReference; includeInIndex = 1; lastKnownFileType = text.xcconfig; name = "Pods-SampleFramework2.debug.xcconfig"; path = "../Pods/Target Support Files/Pods-SampleFramework2/Pods-SampleFramework2.debug.xcconfig"; sourceTree = "<group>"; };
/* End PBXFileReference section */

/* Begin PBXFrameworksBuildPhase section */
		3CB68FAB1DE6FB830056A481 /* Frameworks */ = {
			isa = PBXFrameworksBuildPhase;
			buildActionMask = 2147483647;
			files = (
				B6A0F9D34FC98D7C11AE7109 /* Pods_SampleFramework2.framework in Frameworks */,
			);
			runOnlyForDeploymentPostprocessing = 0;
		};
		3CB68FB51DE6FB830056A481 /* Frameworks */ = {
			isa = PBXFrameworksBuildPhase;
			buildActionMask = 2147483647;
			files = (
				3CB68FB91DE6FB830056A481 /* SampleFramework2.framework in Frameworks */,
			);
			runOnlyForDeploymentPostprocessing = 0;
		};
/* End PBXFrameworksBuildPhase section */

/* Begin PBXGroup section */
		2F5B6F0F754173DBE528F6ED /* Pods */ = {
			isa = PBXGroup;
			children = (
				F851B3AC2190CC0AA8722A06 /* Pods-SampleFramework2.debug.xcconfig */,
				3DB624E55172A8F7AD64DE03 /* Pods-SampleFramework2.release.xcconfig */,
			);
			name = Pods;
			sourceTree = "<group>";
		};
		3CB68FA51DE6FB830056A481 = {
			isa = PBXGroup;
			children = (
				3CB68FB11DE6FB830056A481 /* SampleFramework2 */,
				3CB68FBC1DE6FB830056A481 /* SampleFramework2Tests */,
				3CB68FB01DE6FB830056A481 /* Products */,
				2F5B6F0F754173DBE528F6ED /* Pods */,
				A7A84A8F47821F91A070ADA5 /* Frameworks */,
			);
			sourceTree = "<group>";
		};
		3CB68FB01DE6FB830056A481 /* Products */ = {
			isa = PBXGroup;
			children = (
				3CB68FAF1DE6FB830056A481 /* SampleFramework2.framework */,
				3CB68FB81DE6FB830056A481 /* SampleFramework2Tests.xctest */,
			);
			name = Products;
			sourceTree = "<group>";
		};
		3CB68FB11DE6FB830056A481 /* SampleFramework2 */ = {
			isa = PBXGroup;
			children = (
				3CB68FB21DE6FB830056A481 /* SampleFramework2.h */,
				3CB68FB31DE6FB830056A481 /* Info.plist */,
				3CB68FC91DE6FB9A0056A481 /* Foo.h */,
				3CB68FCA1DE6FB9A0056A481 /* Foo.m */,
			);
			path = SampleFramework2;
			sourceTree = "<group>";
		};
		3CB68FBC1DE6FB830056A481 /* SampleFramework2Tests */ = {
			isa = PBXGroup;
			children = (
				3CB68FBD1DE6FB830056A481 /* SampleFramework2Tests.m */,
				3CB68FBF1DE6FB830056A481 /* Info.plist */,
			);
			path = SampleFramework2Tests;
			sourceTree = "<group>";
		};
		A7A84A8F47821F91A070ADA5 /* Frameworks */ = {
			isa = PBXGroup;
			children = (
				55017A6B0A6AC6467C1369A3 /* Pods_SampleFramework2.framework */,
			);
			name = Frameworks;
			sourceTree = "<group>";
		};
/* End PBXGroup section */

/* Begin PBXHeadersBuildPhase section */
		3CB68FAC1DE6FB830056A481 /* Headers */ = {
			isa = PBXHeadersBuildPhase;
			buildActionMask = 2147483647;
			files = (
				3CB68FC01DE6FB830056A481 /* SampleFramework2.h in Headers */,
				3CB68FCB1DE6FB9A0056A481 /* Foo.h in Headers */,
			);
			runOnlyForDeploymentPostprocessing = 0;
		};
/* End PBXHeadersBuildPhase section */

/* Begin PBXNativeTarget section */
		3CB68FAE1DE6FB830056A481 /* SampleFramework2 */ = {
			isa = PBXNativeTarget;
			buildConfigurationList = 3CB68FC31DE6FB830056A481 /* Build configuration list for PBXNativeTarget "SampleFramework2" */;
			buildPhases = (
				6A0B7183F841CE8FC6E9624C /* [CP] Check Pods Manifest.lock */,
				3CB68FAA1DE6FB830056A481 /* Sources */,
				3CB68FAB1DE6FB830056A481 /* Frameworks */,
				3CB68FAC1DE6FB830056A481 /* Headers */,
				3CB68FAD1DE6FB830056A481 /* Resources */,
				363147CA6626633ACA042412 /* [CP] Copy Pods Resources */,
			);
			buildRules = (
			);
			dependencies = (
			);
			name = SampleFramework2;
			productName = SampleFramework2;
			productReference = 3CB68FAF1DE6FB830056A481 /* SampleFramework2.framework */;
			productType = "com.apple.product-type.framework";
		};
		3CB68FB71DE6FB830056A481 /* SampleFramework2Tests */ = {
			isa = PBXNativeTarget;
			buildConfigurationList = 3CB68FC61DE6FB830056A481 /* Build configuration list for PBXNativeTarget "SampleFramework2Tests" */;
			buildPhases = (
				3CB68FB41DE6FB830056A481 /* Sources */,
				3CB68FB51DE6FB830056A481 /* Frameworks */,
				3CB68FB61DE6FB830056A481 /* Resources */,
			);
			buildRules = (
			);
			dependencies = (
				3CB68FBB1DE6FB830056A481 /* PBXTargetDependency */,
			);
			name = SampleFramework2Tests;
			productName = SampleFramework2Tests;
			productReference = 3CB68FB81DE6FB830056A481 /* SampleFramework2Tests.xctest */;
			productType = "com.apple.product-type.bundle.unit-test";
		};
/* End PBXNativeTarget section */

/* Begin PBXProject section */
		3CB68FA61DE6FB830056A481 /* Project object */ = {
			isa = PBXProject;
			attributes = {
				LastUpgradeCheck = 0810;
				ORGANIZATIONNAME = Foo;
				TargetAttributes = {
					3CB68FAE1DE6FB830056A481 = {
						CreatedOnToolsVersion = 8.1;
						ProvisioningStyle = Automatic;
					};
					3CB68FB71DE6FB830056A481 = {
						CreatedOnToolsVersion = 8.1;
						ProvisioningStyle = Automatic;
					};
				};
			};
			buildConfigurationList = 3CB68FA91DE6FB830056A481 /* Build configuration list for PBXProject "SampleFramework2" */;
			compatibilityVersion = "Xcode 3.2";
			developmentRegion = English;
			hasScannedForEncodings = 0;
			knownRegions = (
				en,
			);
			mainGroup = 3CB68FA51DE6FB830056A481;
			productRefGroup = 3CB68FB01DE6FB830056A481 /* Products */;
			projectDirPath = "";
			projectRoot = "";
			targets = (
				3CB68FAE1DE6FB830056A481 /* SampleFramework2 */,
				3CB68FB71DE6FB830056A481 /* SampleFramework2Tests */,
			);
		};
/* End PBXProject section */

/* Begin PBXResourcesBuildPhase section */
		3CB68FAD1DE6FB830056A481 /* Resources */ = {
			isa = PBXResourcesBuildPhase;
			buildActionMask = 2147483647;
			files = (
			);
			runOnlyForDeploymentPostprocessing = 0;
		};
		3CB68FB61DE6FB830056A481 /* Resources */ = {
			isa = PBXResourcesBuildPhase;
			buildActionMask = 2147483647;
			files = (
			);
			runOnlyForDeploymentPostprocessing = 0;
		};
/* End PBXResourcesBuildPhase section */

/* Begin PBXShellScriptBuildPhase section */
		363147CA6626633ACA042412 /* [CP] Copy Pods Resources */ = {
			isa = PBXShellScriptBuildPhase;
			buildActionMask = 2147483647;
			files = (
			);
			inputPaths = (
			);
			name = "[CP] Copy Pods Resources";
			outputPaths = (
			);
			runOnlyForDeploymentPostprocessing = 0;
			shellPath = /bin/sh;
			shellScript = "\"${SRCROOT}/../Pods/Target Support Files/Pods-SampleFramework2/Pods-SampleFramework2-resources.sh\"\n";
			showEnvVarsInLog = 0;
		};
		6A0B7183F841CE8FC6E9624C /* [CP] Check Pods Manifest.lock */ = {
			isa = PBXShellScriptBuildPhase;
			buildActionMask = 2147483647;
			files = (
			);
			inputPaths = (
			);
			name = "[CP] Check Pods Manifest.lock";
			outputPaths = (
			);
			runOnlyForDeploymentPostprocessing = 0;
			shellPath = /bin/sh;
			shellScript = "diff \"${PODS_ROOT}/../Podfile.lock\" \"${PODS_ROOT}/Manifest.lock\" > /dev/null\nif [ $? != 0 ] ; then\n    # print error to STDERR\n    echo \"error: The sandbox is not in sync with the Podfile.lock. Run 'pod install' or update your CocoaPods installation.\" >&2\n    exit 1\nfi\n";
			showEnvVarsInLog = 0;
		};
/* End PBXShellScriptBuildPhase section */

/* Begin PBXSourcesBuildPhase section */
		3CB68FAA1DE6FB830056A481 /* Sources */ = {
			isa = PBXSourcesBuildPhase;
			buildActionMask = 2147483647;
			files = (
				3CB68FCC1DE6FB9A0056A481 /* Foo.m in Sources */,
			);
			runOnlyForDeploymentPostprocessing = 0;
		};
		3CB68FB41DE6FB830056A481 /* Sources */ = {
			isa = PBXSourcesBuildPhase;
			buildActionMask = 2147483647;
			files = (
				3CB68FBE1DE6FB830056A481 /* SampleFramework2Tests.m in Sources */,
			);
			runOnlyForDeploymentPostprocessing = 0;
		};
/* End PBXSourcesBuildPhase section */

/* Begin PBXTargetDependency section */
		3CB68FBB1DE6FB830056A481 /* PBXTargetDependency */ = {
			isa = PBXTargetDependency;
			target = 3CB68FAE1DE6FB830056A481 /* SampleFramework2 */;
			targetProxy = 3CB68FBA1DE6FB830056A481 /* PBXContainerItemProxy */;
		};
/* End PBXTargetDependency section */

/* Begin XCBuildConfiguration section */
		3CB68FC11DE6FB830056A481 /* Debug */ = {
			isa = XCBuildConfiguration;
			buildSettings = {
				ALWAYS_SEARCH_USER_PATHS = NO;
				CLANG_ANALYZER_NONNULL = YES;
				CLANG_CXX_LANGUAGE_STANDARD = "gnu++0x";
				CLANG_CXX_LIBRARY = "libc++";
				CLANG_ENABLE_MODULES = YES;
				CLANG_ENABLE_OBJC_ARC = YES;
				CLANG_WARN_BOOL_CONVERSION = YES;
				CLANG_WARN_CONSTANT_CONVERSION = YES;
				CLANG_WARN_DIRECT_OBJC_ISA_USAGE = YES_ERROR;
				CLANG_WARN_DOCUMENTATION_COMMENTS = YES;
				CLANG_WARN_EMPTY_BODY = YES;
				CLANG_WARN_ENUM_CONVERSION = YES;
				CLANG_WARN_INFINITE_RECURSION = YES;
				CLANG_WARN_INT_CONVERSION = YES;
				CLANG_WARN_OBJC_ROOT_CLASS = YES_ERROR;
				CLANG_WARN_SUSPICIOUS_MOVES = YES;
				CLANG_WARN_UNREACHABLE_CODE = YES;
				CLANG_WARN__DUPLICATE_METHOD_MATCH = YES;
				"CODE_SIGN_IDENTITY[sdk=iphoneos*]" = "iPhone Developer";
				COPY_PHASE_STRIP = NO;
				CURRENT_PROJECT_VERSION = 1;
				DEBUG_INFORMATION_FORMAT = dwarf;
				ENABLE_STRICT_OBJC_MSGSEND = YES;
				ENABLE_TESTABILITY = YES;
				GCC_C_LANGUAGE_STANDARD = gnu99;
				GCC_DYNAMIC_NO_PIC = NO;
				GCC_NO_COMMON_BLOCKS = YES;
				GCC_OPTIMIZATION_LEVEL = 0;
				GCC_PREPROCESSOR_DEFINITIONS = (
					"DEBUG=1",
					"$(inherited)",
				);
				GCC_WARN_64_TO_32_BIT_CONVERSION = YES;
				GCC_WARN_ABOUT_RETURN_TYPE = YES_ERROR;
				GCC_WARN_UNDECLARED_SELECTOR = YES;
				GCC_WARN_UNINITIALIZED_AUTOS = YES_AGGRESSIVE;
				GCC_WARN_UNUSED_FUNCTION = YES;
				GCC_WARN_UNUSED_VARIABLE = YES;
				IPHONEOS_DEPLOYMENT_TARGET = 10.1;
				MTL_ENABLE_DEBUG_INFO = YES;
				ONLY_ACTIVE_ARCH = YES;
				SDKROOT = iphoneos;
				TARGETED_DEVICE_FAMILY = "1,2";
				VERSIONING_SYSTEM = "apple-generic";
				VERSION_INFO_PREFIX = "";
			};
			name = Debug;
		};
		3CB68FC21DE6FB830056A481 /* Release */ = {
			isa = XCBuildConfiguration;
			buildSettings = {
				ALWAYS_SEARCH_USER_PATHS = NO;
				CLANG_ANALYZER_NONNULL = YES;
				CLANG_CXX_LANGUAGE_STANDARD = "gnu++0x";
				CLANG_CXX_LIBRARY = "libc++";
				CLANG_ENABLE_MODULES = YES;
				CLANG_ENABLE_OBJC_ARC = YES;
				CLANG_WARN_BOOL_CONVERSION = YES;
				CLANG_WARN_CONSTANT_CONVERSION = YES;
				CLANG_WARN_DIRECT_OBJC_ISA_USAGE = YES_ERROR;
				CLANG_WARN_DOCUMENTATION_COMMENTS = YES;
				CLANG_WARN_EMPTY_BODY = YES;
				CLANG_WARN_ENUM_CONVERSION = YES;
				CLANG_WARN_INFINITE_RECURSION = YES;
				CLANG_WARN_INT_CONVERSION = YES;
				CLANG_WARN_OBJC_ROOT_CLASS = YES_ERROR;
				CLANG_WARN_SUSPICIOUS_MOVES = YES;
				CLANG_WARN_UNREACHABLE_CODE = YES;
				CLANG_WARN__DUPLICATE_METHOD_MATCH = YES;
				"CODE_SIGN_IDENTITY[sdk=iphoneos*]" = "iPhone Developer";
				COPY_PHASE_STRIP = NO;
				CURRENT_PROJECT_VERSION = 1;
				DEBUG_INFORMATION_FORMAT = "dwarf-with-dsym";
				ENABLE_NS_ASSERTIONS = NO;
				ENABLE_STRICT_OBJC_MSGSEND = YES;
				GCC_C_LANGUAGE_STANDARD = gnu99;
				GCC_NO_COMMON_BLOCKS = YES;
				GCC_WARN_64_TO_32_BIT_CONVERSION = YES;
				GCC_WARN_ABOUT_RETURN_TYPE = YES_ERROR;
				GCC_WARN_UNDECLARED_SELECTOR = YES;
				GCC_WARN_UNINITIALIZED_AUTOS = YES_AGGRESSIVE;
				GCC_WARN_UNUSED_FUNCTION = YES;
				GCC_WARN_UNUSED_VARIABLE = YES;
				IPHONEOS_DEPLOYMENT_TARGET = 10.1;
				MTL_ENABLE_DEBUG_INFO = NO;
				SDKROOT = iphoneos;
				TARGETED_DEVICE_FAMILY = "1,2";
				VALIDATE_PRODUCT = YES;
				VERSIONING_SYSTEM = "apple-generic";
				VERSION_INFO_PREFIX = "";
			};
			name = Release;
		};
		3CB68FC41DE6FB830056A481 /* Debug */ = {
			isa = XCBuildConfiguration;
			baseConfigurationReference = F851B3AC2190CC0AA8722A06 /* Pods-SampleFramework2.debug.xcconfig */;
			buildSettings = {
				CODE_SIGN_IDENTITY = "";
				DEFINES_MODULE = YES;
				DYLIB_COMPATIBILITY_VERSION = 1;
				DYLIB_CURRENT_VERSION = 1;
				DYLIB_INSTALL_NAME_BASE = "@rpath";
				INFOPLIST_FILE = SampleFramework2/Info.plist;
				INSTALL_PATH = "$(LOCAL_LIBRARY_DIR)/Frameworks";
				LD_RUNPATH_SEARCH_PATHS = "$(inherited) @executable_path/Frameworks @loader_path/Frameworks";
				PRODUCT_BUNDLE_IDENTIFIER = benasher44.SampleFramework.SampleFramework2;
				PRODUCT_NAME = "$(TARGET_NAME)";
				SKIP_INSTALL = YES;
			};
			name = Debug;
		};
		3CB68FC51DE6FB830056A481 /* Release */ = {
			isa = XCBuildConfiguration;
			baseConfigurationReference = 3DB624E55172A8F7AD64DE03 /* Pods-SampleFramework2.release.xcconfig */;
			buildSettings = {
				CODE_SIGN_IDENTITY = "";
				DEFINES_MODULE = YES;
				DYLIB_COMPATIBILITY_VERSION = 1;
				DYLIB_CURRENT_VERSION = 1;
				DYLIB_INSTALL_NAME_BASE = "@rpath";
				INFOPLIST_FILE = SampleFramework2/Info.plist;
				INSTALL_PATH = "$(LOCAL_LIBRARY_DIR)/Frameworks";
				LD_RUNPATH_SEARCH_PATHS = "$(inherited) @executable_path/Frameworks @loader_path/Frameworks";
				PRODUCT_BUNDLE_IDENTIFIER = benasher44.SampleFramework.SampleFramework2;
				PRODUCT_NAME = "$(TARGET_NAME)";
				SKIP_INSTALL = YES;
			};
			name = Release;
		};
		3CB68FC71DE6FB830056A481 /* Debug */ = {
			isa = XCBuildConfiguration;
			buildSettings = {
				INFOPLIST_FILE = SampleFramework2Tests/Info.plist;
				LD_RUNPATH_SEARCH_PATHS = "$(inherited) @executable_path/Frameworks @loader_path/Frameworks";
				PRODUCT_BUNDLE_IDENTIFIER = benasher44.SampleFramework.SampleFramework2Tests;
				PRODUCT_NAME = "$(TARGET_NAME)";
			};
			name = Debug;
		};
		3CB68FC81DE6FB830056A481 /* Release */ = {
			isa = XCBuildConfiguration;
			buildSettings = {
				INFOPLIST_FILE = SampleFramework2Tests/Info.plist;
				LD_RUNPATH_SEARCH_PATHS = "$(inherited) @executable_path/Frameworks @loader_path/Frameworks";
				PRODUCT_BUNDLE_IDENTIFIER = benasher44.SampleFramework.SampleFramework2Tests;
				PRODUCT_NAME = "$(TARGET_NAME)";
			};
			name = Release;
		};
/* End XCBuildConfiguration section */

/* Begin XCConfigurationList section */
		3CB68FA91DE6FB830056A481 /* Build configuration list for PBXProject "SampleFramework2" */ = {
			isa = XCConfigurationList;
			buildConfigurations = (
				3CB68FC11DE6FB830056A481 /* Debug */,
				3CB68FC21DE6FB830056A481 /* Release */,
			);
			defaultConfigurationIsVisible = 0;
			defaultConfigurationName = Release;
		};
		3CB68FC31DE6FB830056A481 /* Build configuration list for PBXNativeTarget "SampleFramework2" */ = {
			isa = XCConfigurationList;
			buildConfigurations = (
				3CB68FC41DE6FB830056A481 /* Debug */,
				3CB68FC51DE6FB830056A481 /* Release */,
			);
			defaultConfigurationIsVisible = 0;
			defaultConfigurationName = Release;
		};
		3CB68FC61DE6FB830056A481 /* Build configuration list for PBXNativeTarget "SampleFramework2Tests" */ = {
			isa = XCConfigurationList;
			buildConfigurations = (
				3CB68FC71DE6FB830056A481 /* Debug */,
				3CB68FC81DE6FB830056A481 /* Release */,
			);
			defaultConfigurationIsVisible = 0;
			defaultConfigurationName = Release;
		};
/* End XCConfigurationList section */
	};
	rootObject = 3CB68FA61DE6FB830056A481 /* Project object */;
}
